
Microsoft Visual Studio Solution File, Format Version 12.00
# Visual Studio Version 17
VisualStudioVersion = 17.12.35514.174 d17.12
MinimumVisualStudioVersion = 10.0.40219.1
Project("{2150E333-8FDC-42A3-9474-1A3956D46DE8}") = "Project", "Project", "{DD3CA3BD-8853-4B86-9477-1F60EE0C6317}"
EndProject
Project("{FAE04EC0-301F-11D3-BF4B-00C04F79EFBC}") = "Tyuiu.GrabinaSA.Sprint7.ProjectV1.Test", "Tyuiu.GrabinaSA.Sprint7.ProjectV1.Test\Tyuiu.GrabinaSA.Sprint7.ProjectV1.Test.csproj", "{DB46470B-27DA-4B52-89B9-7503D922461B}"
EndProject
Project("{FAE04EC0-301F-11D3-BF4B-00C04F79EFBC}") = "Tyuiu.GrabinaSA.Sprint7.ProjectV1.Lib", "Tyuiu.GrabinaSA.Sprint7.ProjectV1.Lib\Tyuiu.GrabinaSA.Sprint7.ProjectV1.Lib.csproj", "{0F11BD81-1DE1-4719-9A4E-8FA047353D74}"
EndProject
Project("{FAE04EC0-301F-11D3-BF4B-00C04F79EFBC}") = "Project.V1", "Project.V1\Project.V1.csproj", "{6F221941-7983-4D55-9AEE-3428192A04A5}"
EndProject
Global
	GlobalSection(SolutionConfigurationPlatforms) = preSolution
		Debug|Any CPU = Debug|Any CPU
		Release|Any CPU = Release|Any CPU
	EndGlobalSection
	GlobalSection(ProjectConfigurationPlatforms) = postSolution
		{DB46470B-27DA-4B52-89B9-7503D922461B}.Debug|Any CPU.ActiveCfg = Debug|Any CPU
		{DB46470B-27DA-4B52-89B9-7503D922461B}.Debug|Any CPU.Build.0 = Debug|Any CPU
		{DB46470B-27DA-4B52-89B9-7503D922461B}.Release|Any CPU.ActiveCfg = Release|Any CPU
		{DB46470B-27DA-4B52-89B9-7503D922461B}.Release|Any CPU.Build.0 = Release|Any CPU
		{0F11BD81-1DE1-4719-9A4E-8FA047353D74}.Debug|Any CPU.ActiveCfg = Debug|Any CPU
		{0F11BD81-1DE1-4719-9A4E-8FA047353D74}.Debug|Any CPU.Build.0 = Debug|Any CPU
		{0F11BD81-1DE1-4719-9A4E-8FA047353D74}.Release|Any CPU.ActiveCfg = Release|Any CPU
		{0F11BD81-1DE1-4719-9A4E-8FA047353D74}.Release|Any CPU.Build.0 = Release|Any CPU
		{6F221941-7983-4D55-9AEE-3428192A04A5}.Debug|Any CPU.ActiveCfg = Debug|Any CPU
		{6F221941-7983-4D55-9AEE-3428192A04A5}.Debug|Any CPU.Build.0 = Debug|Any CPU
		{6F221941-7983-4D55-9AEE-3428192A04A5}.Release|Any CPU.ActiveCfg = Release|Any CPU
		{6F221941-7983-4D55-9AEE-3428192A04A5}.Release|Any CPU.Build.0 = Release|Any CPU
	EndGlobalSection
	GlobalSection(SolutionProperties) = preSolution
		HideSolutionNode = FALSE
	EndGlobalSection
	GlobalSection(NestedProjects) = preSolution
		{DB46470B-27DA-4B52-89B9-7503D922461B} = {DD3CA3BD-8853-4B86-9477-1F60EE0C6317}
		{0F11BD81-1DE1-4719-9A4E-8FA047353D74} = {DD3CA3BD-8853-4B86-9477-1F60EE0C6317}
		{6F221941-7983-4D55-9AEE-3428192A04A5} = {DD3CA3BD-8853-4B86-9477-1F60EE0C6317}
	EndGlobalSection
EndGlobal
